
Microsoft Visual Studio Solution File, Format Version 12.00
# Visual Studio Version 17
VisualStudioVersion = 17.14.36202.13
MinimumVisualStudioVersion = 10.0.40219.1
Project("{FAE04EC0-301F-11D3-BF4B-00C04F79EFBC}") = "FullMetalPaintballCarmagnola", "FullMetalPaintballCarmagnola\FullMetalPaintballCarmagnola.csproj", "{39350222-C35E-4F47-B5B9-9FA1FEAA7BDB}"
EndProject
Project("{2150E333-8FDC-42A3-9474-1A3956D46DE8}") = "Elementi di soluzione", "Elementi di soluzione", "{9DF70304-0A22-CE1E-AA12-D5904EE55694}"
	ProjectSection(SolutionItems) = preProject
		.gitignore = .gitignore
	EndProjectSection
EndProject
Global
	GlobalSection(SolutionConfigurationPlatforms) = preSolution
		Debug|Any CPU = Debug|Any CPU
		Release|Any CPU = Release|Any CPU
	EndGlobalSection
	GlobalSection(ProjectConfigurationPlatforms) = postSolution
		{39350222-C35E-4F47-B5B9-9FA1FEAA7BDB}.Debug|Any CPU.ActiveCfg = Debug|Any CPU
		{39350222-C35E-4F47-B5B9-9FA1FEAA7BDB}.Debug|Any CPU.Build.0 = Debug|Any CPU
		{39350222-C35E-4F47-B5B9-9FA1FEAA7BDB}.Release|Any CPU.ActiveCfg = Release|Any CPU
		{39350222-C35E-4F47-B5B9-9FA1FEAA7BDB}.Release|Any CPU.Build.0 = Release|Any CPU
	EndGlobalSection
	GlobalSection(SolutionProperties) = preSolution
		HideSolutionNode = FALSE
	EndGlobalSection
	GlobalSection(ExtensibilityGlobals) = postSolution
		SolutionGuid = {B5CA721B-4778-46D3-9D8F-CEFB80257D2A}
	EndGlobalSection
EndGlobal
